
Microsoft Visual Studio Solution File, Format Version 12.00
# Visual Studio 15
VisualStudioVersion = 15.0.28307.902
MinimumVisualStudioVersion = 10.0.40219.1
Project("{FAE04EC0-301F-11D3-BF4B-00C04F79EFBC}") = "DataGenerator", "DataGenerator\DataGenerator.csproj", "{A3BAD4FB-32D3-482B-864A-203436CA155D}"
EndProject
Project("{FAE04EC0-301F-11D3-BF4B-00C04F79EFBC}") = "WPFChart", "WPFChart\WPFChart.csproj", "{01473672-63DA-4E6B-BA39-FA8E84E6F5D8}"
EndProject
Project("{FAE04EC0-301F-11D3-BF4B-00C04F79EFBC}") = "WinCharts", "WinCharts\WinCharts.csproj", "{76AA13E3-E724-4F33-BBAE-B929CEF1BF8F}"
EndProject
Global
	GlobalSection(SolutionConfigurationPlatforms) = preSolution
		Debug|Any CPU = Debug|Any CPU
		Release|Any CPU = Release|Any CPU
	EndGlobalSection
	GlobalSection(ProjectConfigurationPlatforms) = postSolution
		{A3BAD4FB-32D3-482B-864A-203436CA155D}.Debug|Any CPU.ActiveCfg = Debug|Any CPU
		{A3BAD4FB-32D3-482B-864A-203436CA155D}.Debug|Any CPU.Build.0 = Debug|Any CPU
		{A3BAD4FB-32D3-482B-864A-203436CA155D}.Release|Any CPU.ActiveCfg = Release|Any CPU
		{A3BAD4FB-32D3-482B-864A-203436CA155D}.Release|Any CPU.Build.0 = Release|Any CPU
		{01473672-63DA-4E6B-BA39-FA8E84E6F5D8}.Debug|Any CPU.ActiveCfg = Debug|Any CPU
		{01473672-63DA-4E6B-BA39-FA8E84E6F5D8}.Debug|Any CPU.Build.0 = Debug|Any CPU
		{01473672-63DA-4E6B-BA39-FA8E84E6F5D8}.Release|Any CPU.ActiveCfg = Release|Any CPU
		{01473672-63DA-4E6B-BA39-FA8E84E6F5D8}.Release|Any CPU.Build.0 = Release|Any CPU
		{76AA13E3-E724-4F33-BBAE-B929CEF1BF8F}.Debug|Any CPU.ActiveCfg = Debug|Any CPU
		{76AA13E3-E724-4F33-BBAE-B929CEF1BF8F}.Debug|Any CPU.Build.0 = Debug|Any CPU
		{76AA13E3-E724-4F33-BBAE-B929CEF1BF8F}.Release|Any CPU.ActiveCfg = Release|Any CPU
		{76AA13E3-E724-4F33-BBAE-B929CEF1BF8F}.Release|Any CPU.Build.0 = Release|Any CPU
	EndGlobalSection
	GlobalSection(SolutionProperties) = preSolution
		HideSolutionNode = FALSE
	EndGlobalSection
	GlobalSection(ExtensibilityGlobals) = postSolution
		SolutionGuid = {EC297654-8205-4857-9FE7-B5C2DC75106F}
	EndGlobalSection
EndGlobal
